<Solution>
  <Configurations>
    <Platform Name="x64" />
    <Platform Name="x86" />
  </Configurations>
  <Folder Name="/FrameWork/">
    <Project Path="AFOCS.Framework.Test/AFOCS.Framework.Test.csproj" Id="93f01b83-267d-4e8b-a587-ace81ec908c0">
      <Platform Project="x64" />
      <Build Solution="Release|x64" Project="false" />
    </Project>
    <Project Path="AFOCS.Framework/AFOCS.Framework.csproj" Id="7c217ad7-cab3-4a88-b07b-0c733275051d">
      <Platform Project="x64" />
      <Build Solution="Release|x64" Project="false" />
    </Project>
  </Folder>
  <Folder Name="/Test/" />
  <Folder Name="/Test/Camera/">
    <Project Path="CameraTest/CameraTest.csproj" Id="9a273c8e-1043-457f-8fa8-9375beacdb8d" />
  </Folder>
  <Project Path="AFOCS.App/AFOCS.App.csproj">
    <Platform Project="x64" />
  </Project>
  <Project Path="AFOCS.Communication/AFOCS.Communication.csproj" Id="02e6e202-31d8-4dc0-8d29-8ae3a100f36a">
    <Platform Project="x64" />
    <Build Solution="Release|x64" Project="false" />
  </Project>
  <Project Path="AFOCS.Core/AFOCS.Core.csproj" Id="47b3f331-0581-4608-8a20-8ddc5ba23f07">
    <Platform Project="x64" />
    <Build Solution="Release|x64" Project="false" />
  </Project>
  <Project Path="AFOCS.Devices/AFOCS.Devices.csproj" Id="5dccd00f-4730-437b-9c8a-837c05c1a33d">
    <Platform Project="x64" />
    <Build Solution="Release|x64" Project="false" />
  </Project>
  <Project Path="AFOCS.FlowNodeEditor/AFOCS.FlowNodeEditor.csproj">
    <Platform Project="x64" />
    <Build Solution="Release|x64" Project="false" />
  </Project>
  <Project Path="AFOCS.Infrastructure/AFOCS.Infrastructure.csproj" Id="dbdfe530-1c5f-4896-8c7b-c45c7e9fdba3">
    <Platform Project="x64" />
    <Build Solution="Release|x64" Project="false" />
  </Project>
  <Project Path="AFOCS.Shared/AFOCS.Shared.csproj" Id="f7ac908a-52b8-4921-8bf7-347ede2a9771">
    <Platform Project="x64" />
    <Build Solution="Release|x64" Project="false" />
  </Project>
  <Project Path="ISPBoard/ISPBoard.vcxproj" Id="380060da-d767-479c-ab50-fef914192686" />
</Solution>
